// !$*UTF8*$!
{
	archiveVersion = 1;
	classes = {
	};
	objectVersion = 46;
	objects = {

/* Begin PBXBuildFile section */
		0405AD4B9F210C8EDB2FCF13 /* Pods_RedAxe.framework in Frameworks */ = {isa = PBXBuildFile; fileRef = 15FDB43F477E8DC77614F941 /* Pods_RedAxe.framework */; };
		922261821D5A4B8B001614BD /* CloudKit.framework in Frameworks */ = {isa = PBXBuildFile; fileRef = 922261811D5A4B8B001614BD /* CloudKit.framework */; };
		922261841D5A4EEA001614BD /* CloudKitManager.swift in Sources */ = {isa = PBXBuildFile; fileRef = 922261831D5A4EEA001614BD /* CloudKitManager.swift */; };
		922261861D5A5A62001614BD /* TopicListViewController.swift in Sources */ = {isa = PBXBuildFile; fileRef = 922261851D5A5A62001614BD /* TopicListViewController.swift */; };
		922B9F861D53C443004FF1B6 /* AppDelegate.swift in Sources */ = {isa = PBXBuildFile; fileRef = 922B9F851D53C443004FF1B6 /* AppDelegate.swift */; };
		922B9F881D53C443004FF1B6 /* ViewController.swift in Sources */ = {isa = PBXBuildFile; fileRef = 922B9F871D53C443004FF1B6 /* ViewController.swift */; };
		922B9F8B1D53C443004FF1B6 /* Main.storyboard in Resources */ = {isa = PBXBuildFile; fileRef = 922B9F891D53C443004FF1B6 /* Main.storyboard */; };
		922B9F8D1D53C443004FF1B6 /* Assets.xcassets in Resources */ = {isa = PBXBuildFile; fileRef = 922B9F8C1D53C443004FF1B6 /* Assets.xcassets */; };
		922B9F901D53C443004FF1B6 /* LaunchScreen.storyboard in Resources */ = {isa = PBXBuildFile; fileRef = 922B9F8E1D53C443004FF1B6 /* LaunchScreen.storyboard */; };
		922B9F9B1D53C444004FF1B6 /* RedAxeTests.swift in Sources */ = {isa = PBXBuildFile; fileRef = 922B9F9A1D53C444004FF1B6 /* RedAxeTests.swift */; };
		924AAF841D5A837000BE6AC4 /* TopicCell.swift in Sources */ = {isa = PBXBuildFile; fileRef = 924AAF831D5A837000BE6AC4 /* TopicCell.swift */; };
		924F8FC81D59D60C00A87780 /* VoteChanelViewController.swift in Sources */ = {isa = PBXBuildFile; fileRef = 924F8FC71D59D60C00A87780 /* VoteChanelViewController.swift */; };
		924F8FCC1D59EAE100A87780 /* Constants.swift in Sources */ = {isa = PBXBuildFile; fileRef = 924F8FCB1D59EAE100A87780 /* Constants.swift */; };
		924F8FCF1D59ED5B00A87780 /* VoteMessage.swift in Sources */ = {isa = PBXBuildFile; fileRef = 924F8FCE1D59ED5B00A87780 /* VoteMessage.swift */; };
		924F8FD11D59EEF500A87780 /* VoteController.swift in Sources */ = {isa = PBXBuildFile; fileRef = 924F8FD01D59EEF500A87780 /* VoteController.swift */; };
		924F8FD41D59F11B00A87780 /* UIColor.swift in Sources */ = {isa = PBXBuildFile; fileRef = 924F8FD31D59F11B00A87780 /* UIColor.swift */; };
		924F8FD61D59F27500A87780 /* RoundedButton.swift in Sources */ = {isa = PBXBuildFile; fileRef = 924F8FD51D59F27500A87780 /* RoundedButton.swift */; };
		924F8FD91D5A02B100A87780 /* Statistic.swift in Sources */ = {isa = PBXBuildFile; fileRef = 924F8FD81D5A02B100A87780 /* Statistic.swift */; };
		924F8FDB1D5A07A100A87780 /* PabNabManager.swift in Sources */ = {isa = PBXBuildFile; fileRef = 924F8FDA1D5A07A100A87780 /* PabNabManager.swift */; };
		924F8FDE1D5A0A6E00A87780 /* Topic.swift in Sources */ = {isa = PBXBuildFile; fileRef = 924F8FDD1D5A0A6E00A87780 /* Topic.swift */; };
		924F8FE01D5A0AF100A87780 /* Themes.swift in Sources */ = {isa = PBXBuildFile; fileRef = 924F8FDF1D5A0AF100A87780 /* Themes.swift */; };
		92E703441D54BF9A00C94D09 /* Reducers.swift in Sources */ = {isa = PBXBuildFile; fileRef = 92E703431D54BF9A00C94D09 /* Reducers.swift */; };
		92E703461D54E1B900C94D09 /* Network.swift in Sources */ = {isa = PBXBuildFile; fileRef = 92E703451D54E1B900C94D09 /* Network.swift */; };
/* End PBXBuildFile section */

/* Begin PBXContainerItemProxy section */
		922B9F971D53C444004FF1B6 /* PBXContainerItemProxy */ = {
			isa = PBXContainerItemProxy;
			containerPortal = 922B9F7A1D53C443004FF1B6 /* Project object */;
			proxyType = 1;
			remoteGlobalIDString = 922B9F811D53C443004FF1B6;
			remoteInfo = RedAxe;
		};
/* End PBXContainerItemProxy section */

/* Begin PBXFileReference section */
		15FDB43F477E8DC77614F941 /* Pods_RedAxe.framework */ = {isa = PBXFileReference; explicitFileType = wrapper.framework; includeInIndex = 0; path = Pods_RedAxe.framework; sourceTree = BUILT_PRODUCTS_DIR; };
		847AC53C56FACCA7997654E6 /* Pods-RedAxe.release.xcconfig */ = {isa = PBXFileReference; includeInIndex = 1; lastKnownFileType = text.xcconfig; name = "Pods-RedAxe.release.xcconfig"; path = "Pods/Target Support Files/Pods-RedAxe/Pods-RedAxe.release.xcconfig"; sourceTree = "<group>"; };
		922261801D5A4B82001614BD /* RedAxe.entitlements */ = {isa = PBXFileReference; lastKnownFileType = text.xml; path = RedAxe.entitlements; sourceTree = "<group>"; };
		922261811D5A4B8B001614BD /* CloudKit.framework */ = {isa = PBXFileReference; lastKnownFileType = wrapper.framework; name = CloudKit.framework; path = System/Library/Frameworks/CloudKit.framework; sourceTree = SDKROOT; };
		922261831D5A4EEA001614BD /* CloudKitManager.swift */ = {isa = PBXFileReference; fileEncoding = 4; lastKnownFileType = sourcecode.swift; path = CloudKitManager.swift; sourceTree = "<group>"; };
		922261851D5A5A62001614BD /* TopicListViewController.swift */ = {isa = PBXFileReference; fileEncoding = 4; lastKnownFileType = sourcecode.swift; path = TopicListViewController.swift; sourceTree = "<group>"; };
		922B9F821D53C443004FF1B6 /* RedAxe.app */ = {isa = PBXFileReference; explicitFileType = wrapper.application; includeInIndex = 0; path = RedAxe.app; sourceTree = BUILT_PRODUCTS_DIR; };
		922B9F851D53C443004FF1B6 /* AppDelegate.swift */ = {isa = PBXFileReference; lastKnownFileType = sourcecode.swift; path = AppDelegate.swift; sourceTree = "<group>"; };
		922B9F871D53C443004FF1B6 /* ViewController.swift */ = {isa = PBXFileReference; lastKnownFileType = sourcecode.swift; path = ViewController.swift; sourceTree = "<group>"; };
		922B9F8A1D53C443004FF1B6 /* Base */ = {isa = PBXFileReference; lastKnownFileType = file.storyboard; name = Base; path = Base.lproj/Main.storyboard; sourceTree = "<group>"; };
		922B9F8C1D53C443004FF1B6 /* Assets.xcassets */ = {isa = PBXFileReference; lastKnownFileType = folder.assetcatalog; path = Assets.xcassets; sourceTree = "<group>"; };
		922B9F8F1D53C443004FF1B6 /* Base */ = {isa = PBXFileReference; lastKnownFileType = file.storyboard; name = Base; path = Base.lproj/LaunchScreen.storyboard; sourceTree = "<group>"; };
		922B9F911D53C443004FF1B6 /* Info.plist */ = {isa = PBXFileReference; lastKnownFileType = text.plist.xml; path = Info.plist; sourceTree = "<group>"; };
		922B9F961D53C444004FF1B6 /* RedAxeTests.xctest */ = {isa = PBXFileReference; explicitFileType = wrapper.cfbundle; includeInIndex = 0; path = RedAxeTests.xctest; sourceTree = BUILT_PRODUCTS_DIR; };
		922B9F9A1D53C444004FF1B6 /* RedAxeTests.swift */ = {isa = PBXFileReference; lastKnownFileType = sourcecode.swift; path = RedAxeTests.swift; sourceTree = "<group>"; };
		922B9F9C1D53C444004FF1B6 /* Info.plist */ = {isa = PBXFileReference; lastKnownFileType = text.plist.xml; path = Info.plist; sourceTree = "<group>"; };
		924AAF831D5A837000BE6AC4 /* TopicCell.swift */ = {isa = PBXFileReference; fileEncoding = 4; lastKnownFileType = sourcecode.swift; path = TopicCell.swift; sourceTree = "<group>"; };
		924F8FC71D59D60C00A87780 /* VoteChanelViewController.swift */ = {isa = PBXFileReference; fileEncoding = 4; lastKnownFileType = sourcecode.swift; path = VoteChanelViewController.swift; sourceTree = "<group>"; };
		924F8FCB1D59EAE100A87780 /* Constants.swift */ = {isa = PBXFileReference; fileEncoding = 4; lastKnownFileType = sourcecode.swift; path = Constants.swift; sourceTree = "<group>"; };
		924F8FCE1D59ED5B00A87780 /* VoteMessage.swift */ = {isa = PBXFileReference; fileEncoding = 4; lastKnownFileType = sourcecode.swift; path = VoteMessage.swift; sourceTree = "<group>"; };
		924F8FD01D59EEF500A87780 /* VoteController.swift */ = {isa = PBXFileReference; fileEncoding = 4; lastKnownFileType = sourcecode.swift; path = VoteController.swift; sourceTree = "<group>"; };
		924F8FD31D59F11B00A87780 /* UIColor.swift */ = {isa = PBXFileReference; fileEncoding = 4; lastKnownFileType = sourcecode.swift; path = UIColor.swift; sourceTree = "<group>"; };
		924F8FD51D59F27500A87780 /* RoundedButton.swift */ = {isa = PBXFileReference; fileEncoding = 4; lastKnownFileType = sourcecode.swift; path = RoundedButton.swift; sourceTree = "<group>"; };
		924F8FD81D5A02B100A87780 /* Statistic.swift */ = {isa = PBXFileReference; fileEncoding = 4; lastKnownFileType = sourcecode.swift; path = Statistic.swift; sourceTree = "<group>"; };
		924F8FDA1D5A07A100A87780 /* PabNabManager.swift */ = {isa = PBXFileReference; fileEncoding = 4; lastKnownFileType = sourcecode.swift; path = PabNabManager.swift; sourceTree = "<group>"; };
		924F8FDD1D5A0A6E00A87780 /* Topic.swift */ = {isa = PBXFileReference; fileEncoding = 4; lastKnownFileType = sourcecode.swift; path = Topic.swift; sourceTree = "<group>"; };
		924F8FDF1D5A0AF100A87780 /* Themes.swift */ = {isa = PBXFileReference; fileEncoding = 4; lastKnownFileType = sourcecode.swift; path = Themes.swift; sourceTree = "<group>"; };
		92E703431D54BF9A00C94D09 /* Reducers.swift */ = {isa = PBXFileReference; fileEncoding = 4; lastKnownFileType = sourcecode.swift; path = Reducers.swift; sourceTree = "<group>"; };
		92E703451D54E1B900C94D09 /* Network.swift */ = {isa = PBXFileReference; fileEncoding = 4; lastKnownFileType = sourcecode.swift; path = Network.swift; sourceTree = "<group>"; };
		E05F37D1643EB73AEFD10B17 /* Pods-RedAxe.debug.xcconfig */ = {isa = PBXFileReference; includeInIndex = 1; lastKnownFileType = text.xcconfig; name = "Pods-RedAxe.debug.xcconfig"; path = "Pods/Target Support Files/Pods-RedAxe/Pods-RedAxe.debug.xcconfig"; sourceTree = "<group>"; };
/* End PBXFileReference section */

/* Begin PBXFrameworksBuildPhase section */
		922B9F7F1D53C443004FF1B6 /* Frameworks */ = {
			isa = PBXFrameworksBuildPhase;
			buildActionMask = 2147483647;
			files = (
				0405AD4B9F210C8EDB2FCF13 /* Pods_RedAxe.framework in Frameworks */,
				922261821D5A4B8B001614BD /* CloudKit.framework in Frameworks */,
			);
			runOnlyForDeploymentPostprocessing = 0;
		};
		922B9F931D53C444004FF1B6 /* Frameworks */ = {
			isa = PBXFrameworksBuildPhase;
			buildActionMask = 2147483647;
			files = (
			);
			runOnlyForDeploymentPostprocessing = 0;
		};
/* End PBXFrameworksBuildPhase section */

/* Begin PBXGroup section */
		922B9F791D53C443004FF1B6 = {
			isa = PBXGroup;
			children = (
				922B9F841D53C443004FF1B6 /* RedAxe */,
				922B9F991D53C444004FF1B6 /* RedAxeTests */,
				922B9F831D53C443004FF1B6 /* Products */,
				B9D2454B3CFBC7E320FB07CF /* Pods */,
				DBFD5DD84070D976B8BC71E1 /* Frameworks */,
			);
			sourceTree = "<group>";
		};
		922B9F831D53C443004FF1B6 /* Products */ = {
			isa = PBXGroup;
			children = (
				922B9F821D53C443004FF1B6 /* RedAxe.app */,
				922B9F961D53C444004FF1B6 /* RedAxeTests.xctest */,
			);
			name = Products;
			sourceTree = "<group>";
		};
		922B9F841D53C443004FF1B6 /* RedAxe */ = {
			isa = PBXGroup;
			children = (
				924AAF821D5A835F00BE6AC4 /* View */,
				922261801D5A4B82001614BD /* RedAxe.entitlements */,
				924F8FDC1D5A0A5600A87780 /* Model */,
				922B9F851D53C443004FF1B6 /* AppDelegate.swift */,
				924F8FD71D5A029800A87780 /* Statistic */,
				924F8FD21D59F11000A87780 /* Extension */,
				924F8FCD1D59EBA200A87780 /* Service */,
				924F8FCA1D59EABB00A87780 /* Messaging */,
				92E703421D54BF8B00C94D09 /* Reducer */,
				92E7033D1D54BB4100C94D09 /* Controllers */,
				92E7033F1D54BB7D00C94D09 /* Resource */,
			);
			path = RedAxe;
			sourceTree = "<group>";
		};
		922B9F991D53C444004FF1B6 /* RedAxeTests */ = {
			isa = PBXGroup;
			children = (
				922B9F9A1D53C444004FF1B6 /* RedAxeTests.swift */,
				922B9F9C1D53C444004FF1B6 /* Info.plist */,
			);
			path = RedAxeTests;
			sourceTree = "<group>";
		};
		924AAF821D5A835F00BE6AC4 /* View */ = {
			isa = PBXGroup;
			children = (
				924AAF831D5A837000BE6AC4 /* TopicCell.swift */,
			);
			name = View;
			sourceTree = "<group>";
		};
		924F8FCA1D59EABB00A87780 /* Messaging */ = {
			isa = PBXGroup;
			children = (
				924F8FCB1D59EAE100A87780 /* Constants.swift */,
				924F8FDA1D5A07A100A87780 /* PabNabManager.swift */,
			);
			name = Messaging;
			sourceTree = "<group>";
		};
		924F8FCD1D59EBA200A87780 /* Service */ = {
			isa = PBXGroup;
			children = (
				92E703451D54E1B900C94D09 /* Network.swift */,
				922261831D5A4EEA001614BD /* CloudKitManager.swift */,
			);
			name = Service;
			sourceTree = "<group>";
		};
		924F8FD21D59F11000A87780 /* Extension */ = {
			isa = PBXGroup;
			children = (
				924F8FD31D59F11B00A87780 /* UIColor.swift */,
				924F8FD51D59F27500A87780 /* RoundedButton.swift */,
			);
			name = Extension;
			sourceTree = "<group>";
		};
		924F8FD71D5A029800A87780 /* Statistic */ = {
			isa = PBXGroup;
			children = (
				924F8FD81D5A02B100A87780 /* Statistic.swift */,
			);
			name = Statistic;
			sourceTree = "<group>";
		};
		924F8FDC1D5A0A5600A87780 /* Model */ = {
			isa = PBXGroup;
			children = (
				924F8FCE1D59ED5B00A87780 /* VoteMessage.swift */,
				924F8FDD1D5A0A6E00A87780 /* Topic.swift */,
				924F8FDF1D5A0AF100A87780 /* Themes.swift */,
			);
			name = Model;
			sourceTree = "<group>";
		};
		92E7033D1D54BB4100C94D09 /* Controllers */ = {
			isa = PBXGroup;
			children = (
				922B9F871D53C443004FF1B6 /* ViewController.swift */,
				924F8FC71D59D60C00A87780 /* VoteChanelViewController.swift */,
				924F8FD01D59EEF500A87780 /* VoteController.swift */,
				922261851D5A5A62001614BD /* TopicListViewController.swift */,
			);
			name = Controllers;
			sourceTree = "<group>";
		};
		92E7033F1D54BB7D00C94D09 /* Resource */ = {
			isa = PBXGroup;
			children = (
				922B9F891D53C443004FF1B6 /* Main.storyboard */,
				922B9F8C1D53C443004FF1B6 /* Assets.xcassets */,
				922B9F8E1D53C443004FF1B6 /* LaunchScreen.storyboard */,
				922B9F911D53C443004FF1B6 /* Info.plist */,
			);
			name = Resource;
			sourceTree = "<group>";
		};
		92E703421D54BF8B00C94D09 /* Reducer */ = {
			isa = PBXGroup;
			children = (
				92E703431D54BF9A00C94D09 /* Reducers.swift */,
			);
			name = Reducer;
			sourceTree = "<group>";
		};
		B9D2454B3CFBC7E320FB07CF /* Pods */ = {
			isa = PBXGroup;
			children = (
				E05F37D1643EB73AEFD10B17 /* Pods-RedAxe.debug.xcconfig */,
				847AC53C56FACCA7997654E6 /* Pods-RedAxe.release.xcconfig */,
			);
			name = Pods;
			sourceTree = "<group>";
		};
		DBFD5DD84070D976B8BC71E1 /* Frameworks */ = {
			isa = PBXGroup;
			children = (
				922261811D5A4B8B001614BD /* CloudKit.framework */,
				15FDB43F477E8DC77614F941 /* Pods_RedAxe.framework */,
			);
			name = Frameworks;
			sourceTree = "<group>";
		};
/* End PBXGroup section */

/* Begin PBXNativeTarget section */
		922B9F811D53C443004FF1B6 /* RedAxe */ = {
			isa = PBXNativeTarget;
			buildConfigurationList = 922B9F9F1D53C444004FF1B6 /* Build configuration list for PBXNativeTarget "RedAxe" */;
			buildPhases = (
				1055021FED98E7380E1BBDCD /* Check Pods Manifest.lock */,
				922B9F7E1D53C443004FF1B6 /* Sources */,
				922B9F7F1D53C443004FF1B6 /* Frameworks */,
				922B9F801D53C443004FF1B6 /* Resources */,
				461D40C7611F220042E68992 /* Embed Pods Frameworks */,
				EB99B2860874D93CF396637D /* Copy Pods Resources */,
			);
			buildRules = (
			);
			dependencies = (
			);
			name = RedAxe;
			productName = RedAxe;
			productReference = 922B9F821D53C443004FF1B6 /* RedAxe.app */;
			productType = "com.apple.product-type.application";
		};
		922B9F951D53C444004FF1B6 /* RedAxeTests */ = {
			isa = PBXNativeTarget;
			buildConfigurationList = 922B9FA21D53C444004FF1B6 /* Build configuration list for PBXNativeTarget "RedAxeTests" */;
			buildPhases = (
				922B9F921D53C444004FF1B6 /* Sources */,
				922B9F931D53C444004FF1B6 /* Frameworks */,
				922B9F941D53C444004FF1B6 /* Resources */,
			);
			buildRules = (
			);
			dependencies = (
				922B9F981D53C444004FF1B6 /* PBXTargetDependency */,
			);
			name = RedAxeTests;
			productName = RedAxeTests;
			productReference = 922B9F961D53C444004FF1B6 /* RedAxeTests.xctest */;
			productType = "com.apple.product-type.bundle.unit-test";
		};
/* End PBXNativeTarget section */

/* Begin PBXProject section */
		922B9F7A1D53C443004FF1B6 /* Project object */ = {
			isa = PBXProject;
			attributes = {
				LastSwiftUpdateCheck = 0730;
				LastUpgradeCheck = 0730;
				ORGANIZATIONNAME = ZealotSystem;
				TargetAttributes = {
					922B9F811D53C443004FF1B6 = {
						CreatedOnToolsVersion = 7.3.1;
						DevelopmentTeam = Y4NQE77REC;
						SystemCapabilities = {
							com.apple.iCloud = {
								enabled = 1;
							};
						};
					};
					922B9F951D53C444004FF1B6 = {
						CreatedOnToolsVersion = 7.3.1;
						TestTargetID = 922B9F811D53C443004FF1B6;
					};
				};
			};
			buildConfigurationList = 922B9F7D1D53C443004FF1B6 /* Build configuration list for PBXProject "RedAxe" */;
			compatibilityVersion = "Xcode 3.2";
			developmentRegion = English;
			hasScannedForEncodings = 0;
			knownRegions = (
				en,
				Base,
			);
			mainGroup = 922B9F791D53C443004FF1B6;
			productRefGroup = 922B9F831D53C443004FF1B6 /* Products */;
			projectDirPath = "";
			projectRoot = "";
			targets = (
				922B9F811D53C443004FF1B6 /* RedAxe */,
				922B9F951D53C444004FF1B6 /* RedAxeTests */,
			);
		};
/* End PBXProject section */

/* Begin PBXResourcesBuildPhase section */
		922B9F801D53C443004FF1B6 /* Resources */ = {
			isa = PBXResourcesBuildPhase;
			buildActionMask = 2147483647;
			files = (
				922B9F901D53C443004FF1B6 /* LaunchScreen.storyboard in Resources */,
				922B9F8D1D53C443004FF1B6 /* Assets.xcassets in Resources */,
				922B9F8B1D53C443004FF1B6 /* Main.storyboard in Resources */,
			);
			runOnlyForDeploymentPostprocessing = 0;
		};
		922B9F941D53C444004FF1B6 /* Resources */ = {
			isa = PBXResourcesBuildPhase;
			buildActionMask = 2147483647;
			files = (
			);
			runOnlyForDeploymentPostprocessing = 0;
		};
/* End PBXResourcesBuildPhase section */

/* Begin PBXShellScriptBuildPhase section */
		1055021FED98E7380E1BBDCD /* Check Pods Manifest.lock */ = {
			isa = PBXShellScriptBuildPhase;
			buildActionMask = 2147483647;
			files = (
			);
			inputPaths = (
			);
			name = "Check Pods Manifest.lock";
			outputPaths = (
			);
			runOnlyForDeploymentPostprocessing = 0;
			shellPath = /bin/sh;
			shellScript = "diff \"${PODS_ROOT}/../Podfile.lock\" \"${PODS_ROOT}/Manifest.lock\" > /dev/null\nif [[ $? != 0 ]] ; then\n    cat << EOM\nerror: The sandbox is not in sync with the Podfile.lock. Run 'pod install' or update your CocoaPods installation.\nEOM\n    exit 1\nfi\n";
			showEnvVarsInLog = 0;
		};
		461D40C7611F220042E68992 /* Embed Pods Frameworks */ = {
			isa = PBXShellScriptBuildPhase;
			buildActionMask = 2147483647;
			files = (
			);
			inputPaths = (
			);
			name = "Embed Pods Frameworks";
			outputPaths = (
			);
			runOnlyForDeploymentPostprocessing = 0;
			shellPath = /bin/sh;
			shellScript = "\"${SRCROOT}/Pods/Target Support Files/Pods-RedAxe/Pods-RedAxe-frameworks.sh\"\n";
			showEnvVarsInLog = 0;
		};
		EB99B2860874D93CF396637D /* Copy Pods Resources */ = {
			isa = PBXShellScriptBuildPhase;
			buildActionMask = 2147483647;
			files = (
			);
			inputPaths = (
			);
			name = "Copy Pods Resources";
			outputPaths = (
			);
			runOnlyForDeploymentPostprocessing = 0;
			shellPath = /bin/sh;
			shellScript = "\"${SRCROOT}/Pods/Target Support Files/Pods-RedAxe/Pods-RedAxe-resources.sh\"\n";
			showEnvVarsInLog = 0;
		};
/* End PBXShellScriptBuildPhase section */

/* Begin PBXSourcesBuildPhase section */
		922B9F7E1D53C443004FF1B6 /* Sources */ = {
			isa = PBXSourcesBuildPhase;
			buildActionMask = 2147483647;
			files = (
				922B9F881D53C443004FF1B6 /* ViewController.swift in Sources */,
				924F8FDB1D5A07A100A87780 /* PabNabManager.swift in Sources */,
				922261861D5A5A62001614BD /* TopicListViewController.swift in Sources */,
				924F8FD61D59F27500A87780 /* RoundedButton.swift in Sources */,
				924F8FD11D59EEF500A87780 /* VoteController.swift in Sources */,
				922B9F861D53C443004FF1B6 /* AppDelegate.swift in Sources */,
				924F8FCF1D59ED5B00A87780 /* VoteMessage.swift in Sources */,
				924F8FD41D59F11B00A87780 /* UIColor.swift in Sources */,
				924F8FE01D5A0AF100A87780 /* Themes.swift in Sources */,
				92E703461D54E1B900C94D09 /* Network.swift in Sources */,
				924F8FDE1D5A0A6E00A87780 /* Topic.swift in Sources */,
				924F8FC81D59D60C00A87780 /* VoteChanelViewController.swift in Sources */,
				924AAF841D5A837000BE6AC4 /* TopicCell.swift in Sources */,
				924F8FD91D5A02B100A87780 /* Statistic.swift in Sources */,
				92E703441D54BF9A00C94D09 /* Reducers.swift in Sources */,
				924F8FCC1D59EAE100A87780 /* Constants.swift in Sources */,
				922261841D5A4EEA001614BD /* CloudKitManager.swift in Sources */,
			);
			runOnlyForDeploymentPostprocessing = 0;
		};
		922B9F921D53C444004FF1B6 /* Sources */ = {
			isa = PBXSourcesBuildPhase;
			buildActionMask = 2147483647;
			files = (
				922B9F9B1D53C444004FF1B6 /* RedAxeTests.swift in Sources */,
			);
			runOnlyForDeploymentPostprocessing = 0;
		};
/* End PBXSourcesBuildPhase section */

/* Begin PBXTargetDependency section */
		922B9F981D53C444004FF1B6 /* PBXTargetDependency */ = {
			isa = PBXTargetDependency;
			target = 922B9F811D53C443004FF1B6 /* RedAxe */;
			targetProxy = 922B9F971D53C444004FF1B6 /* PBXContainerItemProxy */;
		};
/* End PBXTargetDependency section */

/* Begin PBXVariantGroup section */
		922B9F891D53C443004FF1B6 /* Main.storyboard */ = {
			isa = PBXVariantGroup;
			children = (
				922B9F8A1D53C443004FF1B6 /* Base */,
			);
			name = Main.storyboard;
			sourceTree = "<group>";
		};
		922B9F8E1D53C443004FF1B6 /* LaunchScreen.storyboard */ = {
			isa = PBXVariantGroup;
			children = (
				922B9F8F1D53C443004FF1B6 /* Base */,
			);
			name = LaunchScreen.storyboard;
			sourceTree = "<group>";
		};
/* End PBXVariantGroup section */

/* Begin XCBuildConfiguration section */
		922B9F9D1D53C444004FF1B6 /* Debug */ = {
			isa = XCBuildConfiguration;
			buildSettings = {
				ALWAYS_SEARCH_USER_PATHS = NO;
				CLANG_ANALYZER_NONNULL = YES;
				CLANG_CXX_LANGUAGE_STANDARD = "gnu++0x";
				CLANG_CXX_LIBRARY = "libc++";
				CLANG_ENABLE_MODULES = YES;
				CLANG_ENABLE_OBJC_ARC = YES;
				CLANG_WARN_BOOL_CONVERSION = YES;
				CLANG_WARN_CONSTANT_CONVERSION = YES;
				CLANG_WARN_DIRECT_OBJC_ISA_USAGE = YES_ERROR;
				CLANG_WARN_EMPTY_BODY = YES;
				CLANG_WARN_ENUM_CONVERSION = YES;
				CLANG_WARN_INT_CONVERSION = YES;
				CLANG_WARN_OBJC_ROOT_CLASS = YES_ERROR;
				CLANG_WARN_UNREACHABLE_CODE = YES;
				CLANG_WARN__DUPLICATE_METHOD_MATCH = YES;
				"CODE_SIGN_IDENTITY[sdk=iphoneos*]" = "iPhone Developer";
				COPY_PHASE_STRIP = NO;
				DEBUG_INFORMATION_FORMAT = dwarf;
				ENABLE_STRICT_OBJC_MSGSEND = YES;
				ENABLE_TESTABILITY = YES;
				GCC_C_LANGUAGE_STANDARD = gnu99;
				GCC_DYNAMIC_NO_PIC = NO;
				GCC_NO_COMMON_BLOCKS = YES;
				GCC_OPTIMIZATION_LEVEL = 0;
				GCC_PREPROCESSOR_DEFINITIONS = (
					"DEBUG=1",
					"$(inherited)",
				);
				GCC_WARN_64_TO_32_BIT_CONVERSION = YES;
				GCC_WARN_ABOUT_RETURN_TYPE = YES_ERROR;
				GCC_WARN_UNDECLARED_SELECTOR = YES;
				GCC_WARN_UNINITIALIZED_AUTOS = YES_AGGRESSIVE;
				GCC_WARN_UNUSED_FUNCTION = YES;
				GCC_WARN_UNUSED_VARIABLE = YES;
				IPHONEOS_DEPLOYMENT_TARGET = 9.3;
				MTL_ENABLE_DEBUG_INFO = YES;
				ONLY_ACTIVE_ARCH = YES;
				SDKROOT = iphoneos;
				SWIFT_OPTIMIZATION_LEVEL = "-Onone";
			};
			name = Debug;
		};
		922B9F9E1D53C444004FF1B6 /* Release */ = {
			isa = XCBuildConfiguration;
			buildSettings = {
				ALWAYS_SEARCH_USER_PATHS = NO;
				CLANG_ANALYZER_NONNULL = YES;
				CLANG_CXX_LANGUAGE_STANDARD = "gnu++0x";
				CLANG_CXX_LIBRARY = "libc++";
				CLANG_ENABLE_MODULES = YES;
				CLANG_ENABLE_OBJC_ARC = YES;
				CLANG_WARN_BOOL_CONVERSION = YES;
				CLANG_WARN_CONSTANT_CONVERSION = YES;
				CLANG_WARN_DIRECT_OBJC_ISA_USAGE = YES_ERROR;
				CLANG_WARN_EMPTY_BODY = YES;
				CLANG_WARN_ENUM_CONVERSION = YES;
				CLANG_WARN_INT_CONVERSION = YES;
				CLANG_WARN_OBJC_ROOT_CLASS = YES_ERROR;
				CLANG_WARN_UNREACHABLE_CODE = YES;
				CLANG_WARN__DUPLICATE_METHOD_MATCH = YES;
				"CODE_SIGN_IDENTITY[sdk=iphoneos*]" = "iPhone Developer";
				COPY_PHASE_STRIP = NO;
				DEBUG_INFORMATION_FORMAT = "dwarf-with-dsym";
				ENABLE_NS_ASSERTIONS = NO;
				ENABLE_STRICT_OBJC_MSGSEND = YES;
				GCC_C_LANGUAGE_STANDARD = gnu99;
				GCC_NO_COMMON_BLOCKS = YES;
				GCC_WARN_64_TO_32_BIT_CONVERSION = YES;
				GCC_WARN_ABOUT_RETURN_TYPE = YES_ERROR;
				GCC_WARN_UNDECLARED_SELECTOR = YES;
				GCC_WARN_UNINITIALIZED_AUTOS = YES_AGGRESSIVE;
				GCC_WARN_UNUSED_FUNCTION = YES;
				GCC_WARN_UNUSED_VARIABLE = YES;
				IPHONEOS_DEPLOYMENT_TARGET = 9.3;
				MTL_ENABLE_DEBUG_INFO = NO;
				SDKROOT = iphoneos;
				VALIDATE_PRODUCT = YES;
			};
			name = Release;
		};
		922B9FA01D53C444004FF1B6 /* Debug */ = {
			isa = XCBuildConfiguration;
			baseConfigurationReference = E05F37D1643EB73AEFD10B17 /* Pods-RedAxe.debug.xcconfig */;
			buildSettings = {
				ASSETCATALOG_COMPILER_APPICON_NAME = AppIcon;
				CODE_SIGN_ENTITLEMENTS = RedAxe/RedAxe.entitlements;
				CODE_SIGN_IDENTITY = "iPhone Developer";
				"CODE_SIGN_IDENTITY[sdk=iphoneos*]" = "iPhone Developer";
				INFOPLIST_FILE = RedAxe/Info.plist;
				LD_RUNPATH_SEARCH_PATHS = "$(inherited) @executable_path/Frameworks";
				PRODUCT_BUNDLE_IDENTIFIER = com.lemberg.RedAxeDemo;
				PRODUCT_NAME = "$(TARGET_NAME)";
				PROVISIONING_PROFILE = "";
			};
			name = Debug;
		};
		922B9FA11D53C444004FF1B6 /* Release */ = {
			isa = XCBuildConfiguration;
			baseConfigurationReference = 847AC53C56FACCA7997654E6 /* Pods-RedAxe.release.xcconfig */;
			buildSettings = {
				ASSETCATALOG_COMPILER_APPICON_NAME = AppIcon;
				CODE_SIGN_ENTITLEMENTS = RedAxe/RedAxe.entitlements;
				CODE_SIGN_IDENTITY = "iPhone Developer";
				"CODE_SIGN_IDENTITY[sdk=iphoneos*]" = "iPhone Developer";
				INFOPLIST_FILE = RedAxe/Info.plist;
				LD_RUNPATH_SEARCH_PATHS = "$(inherited) @executable_path/Frameworks";
				PRODUCT_BUNDLE_IDENTIFIER = com.lemberg.RedAxeDemo;
				PRODUCT_NAME = "$(TARGET_NAME)";
				PROVISIONING_PROFILE = "";
			};
			name = Release;
		};
		922B9FA31D53C444004FF1B6 /* Debug */ = {
			isa = XCBuildConfiguration;
			buildSettings = {
				BUNDLE_LOADER = "$(TEST_HOST)";
				INFOPLIST_FILE = RedAxeTests/Info.plist;
				LD_RUNPATH_SEARCH_PATHS = "$(inherited) @executable_path/Frameworks @loader_path/Frameworks";
				PRODUCT_BUNDLE_IDENTIFIER = com.ZealotSystem.RedAxeTests;
				PRODUCT_NAME = "$(TARGET_NAME)";
				TEST_HOST = "$(BUILT_PRODUCTS_DIR)/RedAxe.app/RedAxe";
			};
			name = Debug;
		};
		922B9FA41D53C444004FF1B6 /* Release */ = {
			isa = XCBuildConfiguration;
			buildSettings = {
				BUNDLE_LOADER = "$(TEST_HOST)";
				INFOPLIST_FILE = RedAxeTests/Info.plist;
				LD_RUNPATH_SEARCH_PATHS = "$(inherited) @executable_path/Frameworks @loader_path/Frameworks";
				PRODUCT_BUNDLE_IDENTIFIER = com.ZealotSystem.RedAxeTests;
				PRODUCT_NAME = "$(TARGET_NAME)";
				TEST_HOST = "$(BUILT_PRODUCTS_DIR)/RedAxe.app/RedAxe";
			};
			name = Release;
		};
/* End XCBuildConfiguration section */

/* Begin XCConfigurationList section */
		922B9F7D1D53C443004FF1B6 /* Build configuration list for PBXProject "RedAxe" */ = {
			isa = XCConfigurationList;
			buildConfigurations = (
				922B9F9D1D53C444004FF1B6 /* Debug */,
				922B9F9E1D53C444004FF1B6 /* Release */,
			);
			defaultConfigurationIsVisible = 0;
			defaultConfigurationName = Release;
		};
		922B9F9F1D53C444004FF1B6 /* Build configuration list for PBXNativeTarget "RedAxe" */ = {
			isa = XCConfigurationList;
			buildConfigurations = (
				922B9FA01D53C444004FF1B6 /* Debug */,
				922B9FA11D53C444004FF1B6 /* Release */,
			);
			defaultConfigurationIsVisible = 0;
			defaultConfigurationName = Release;
		};
		922B9FA21D53C444004FF1B6 /* Build configuration list for PBXNativeTarget "RedAxeTests" */ = {
			isa = XCConfigurationList;
			buildConfigurations = (
				922B9FA31D53C444004FF1B6 /* Debug */,
				922B9FA41D53C444004FF1B6 /* Release */,
			);
			defaultConfigurationIsVisible = 0;
			defaultConfigurationName = Release;
		};
/* End XCConfigurationList section */
	};
	rootObject = 922B9F7A1D53C443004FF1B6 /* Project object */;
}
